Microsoft Visual Studio Solution File, Format Version 12.00
# Visual Studio Version 17
VisualStudioVersion = 17.5.2.0
MinimumVisualStudioVersion = 10.0.40219.1
Project("{FAE04EC0-301F-11D3-BF4B-00C04F79EFBC}") = "Mode7CodeFirstDemo", "Mode7CodeFirstDemo.csproj", "{1425BFAD-7BCC-C8B8-2A4F-F7EFABFC363D}"
EndProject
Global
	GlobalSection(SolutionConfigurationPlatforms) = preSolution
		Debug|Any CPU = Debug|Any CPU
		Release|Any CPU = Release|Any CPU
	EndGlobalSection
	GlobalSection(ProjectConfigurationPlatforms) = postSolution
		{1425BFAD-7BCC-C8B8-2A4F-F7EFABFC363D}.Debug|Any CPU.ActiveCfg = Debug|Any CPU
		{1425BFAD-7BCC-C8B8-2A4F-F7EFABFC363D}.Debug|Any CPU.Build.0 = Debug|Any CPU
		{1425BFAD-7BCC-C8B8-2A4F-F7EFABFC363D}.Release|Any CPU.ActiveCfg = Release|Any CPU
		{1425BFAD-7BCC-C8B8-2A4F-F7EFABFC363D}.Release|Any CPU.Build.0 = Release|Any CPU
	EndGlobalSection
	GlobalSection(SolutionProperties) = preSolution
		HideSolutionNode = FALSE
	EndGlobalSection
	GlobalSection(ExtensibilityGlobals) = postSolution
		SolutionGuid = {3870AA40-5C40-41DF-8516-70DBD45B418A}
	EndGlobalSection
EndGlobal
